
Microsoft Visual Studio Solution File, Format Version 12.00
# Visual Studio Version 17
VisualStudioVersion = 17.11.35222.181
MinimumVisualStudioVersion = 10.0.40219.1
Project("{2150E333-8FDC-42A3-9474-1A3956D46DE8}") = "Task0", "Task0", "{CAFBB549-3CE9-40A4-8EF3-3071E6804738}"
EndProject
Project("{9A19103F-16F7-4668-BE54-9A1E7A4F7556}") = "Tyuiu.SavtsovNE.Sprint6.Task0.V15.Test", "Tyuiu.SavtsovNE.Sprint6.Task0.V15.Test\Tyuiu.SavtsovNE.Sprint6.Task0.V15.Test.csproj", "{ED339A9C-D527-4093-946A-2C4A7EF48693}"
EndProject
Project("{9A19103F-16F7-4668-BE54-9A1E7A4F7556}") = "Tyuiu.SavtsovNE.Sprint6.Task0.V15.Lib", "Tyuiu.SavtsovNE.Sprint6.Task0.V15.Lib\Tyuiu.SavtsovNE.Sprint6.Task0.V15.Lib.csproj", "{162E0E41-8085-4280-9C39-21F11E2DD55D}"
EndProject
Project("{9A19103F-16F7-4668-BE54-9A1E7A4F7556}") = "Tyuiu.SavtsovNE.Sprint6.Task0.V15", "Tyuiu.SavtsovNE.Sprint6.Task0.V15\Tyuiu.SavtsovNE.Sprint6.Task0.V15.csproj", "{88FF020B-65E1-4E1B-9D03-33593FE5A79A}"
EndProject
Project("{2150E333-8FDC-42A3-9474-1A3956D46DE8}") = "Task1", "Task1", "{835BAF8A-8FFE-4DAD-8A9F-01AE7AAEC06B}"
EndProject
Project("{9A19103F-16F7-4668-BE54-9A1E7A4F7556}") = "Tyuiu.SavtsovNE.Sprint6.Task1.V30.Test", "Tyuiu.SavtsovNE.Sprint6.Task1.V30.Test\Tyuiu.SavtsovNE.Sprint6.Task1.V30.Test.csproj", "{92B75836-C3AD-4DB8-92CF-902A41B395D1}"
EndProject
Project("{9A19103F-16F7-4668-BE54-9A1E7A4F7556}") = "Tyuiu.SavtsovNE.Sprint6.Task1.V30.Lib", "Tyuiu.SavtsovNE.Sprint6.Task1.V30.Lib\Tyuiu.SavtsovNE.Sprint6.Task1.V30.Lib.csproj", "{7F13230D-08B3-4092-A75D-3610D39C325C}"
EndProject
Project("{9A19103F-16F7-4668-BE54-9A1E7A4F7556}") = "Tyuiu.SavtsovNE.Sprint6.Task1.V30", "Tyuiu.SavtsovNE.Sprint6.Task1.V30\Tyuiu.SavtsovNE.Sprint6.Task1.V30.csproj", "{A4A57296-D1AC-4469-8480-F7BFA0A55624}"
EndProject
Project("{2150E333-8FDC-42A3-9474-1A3956D46DE8}") = "Task2", "Task2", "{B7AE1DF3-C993-4CC6-8933-878936ABD8B3}"
EndProject
Project("{9A19103F-16F7-4668-BE54-9A1E7A4F7556}") = "Tyuiu.SavtsovNE.Sprint6.Task2.V28.Lib", "Tyuiu.SavtsovNE.Sprint6.Task2.V28.Lib\Tyuiu.SavtsovNE.Sprint6.Task2.V28.Lib.csproj", "{7EEB2B7E-04CB-4700-8422-3F69E026770A}"
EndProject
Project("{9A19103F-16F7-4668-BE54-9A1E7A4F7556}") = "Tyuiu.SavtsovNE.Sprint6.Task2.V28.Test", "Tyuiu.SavtsovNE.Sprint6.Task2.V28.Test\Tyuiu.SavtsovNE.Sprint6.Task2.V28.Test.csproj", "{40A5625A-7F63-4AD8-8979-9D636E161AEC}"
EndProject
Project("{9A19103F-16F7-4668-BE54-9A1E7A4F7556}") = "Tyuiu.SavtsovNE.Sprint6.Task2.V28", "Tyuiu.SavtsovNE.Sprint6.Task2.V28\Tyuiu.SavtsovNE.Sprint6.Task2.V28.csproj", "{58CA00A5-2A48-4721-9683-6E3D7AEF1D9A}"
EndProject
Project("{2150E333-8FDC-42A3-9474-1A3956D46DE8}") = "Task3", "Task3", "{3E6D2FD4-0AEA-4522-BDA1-D4801EBA551C}"
EndProject
Project("{9A19103F-16F7-4668-BE54-9A1E7A4F7556}") = "Tyuiu.SavtsovNE.Sprint6.Task3.V19", "Tyuiu.SavtsovNE.Sprint6.Task3.V19\Tyuiu.SavtsovNE.Sprint6.Task3.V19.csproj", "{3BBF31CE-5AFA-4C77-8092-079F15E03AC1}"
EndProject
Project("{9A19103F-16F7-4668-BE54-9A1E7A4F7556}") = "Tyuiu.SavtsovNE.Sprint6.Task3.V19.Test", "Tyuiu.SavtsovNE.Sprint6.Task3.V19.Test\Tyuiu.SavtsovNE.Sprint6.Task3.V19.Test.csproj", "{2861316E-5156-4E5D-A250-2F686C28FD8E}"
EndProject
Project("{9A19103F-16F7-4668-BE54-9A1E7A4F7556}") = "Tyuiu.SavtsovNE.Sprint6.Task3.V19.Lib", "Tyuiu.SavtsovNE.Sprint6.Task3.V19.Lib\Tyuiu.SavtsovNE.Sprint6.Task3.V19.Lib.csproj", "{07360338-BF53-4DA2-AF04-5B53F177A636}"
EndProject
Project("{2150E333-8FDC-42A3-9474-1A3956D46DE8}") = "Task4", "Task4", "{0D1D6703-A4E5-4C5A-82A8-0B2403118946}"
EndProject
Project("{9A19103F-16F7-4668-BE54-9A1E7A4F7556}") = "Tyuiu.SavtsovNE.Sprint6.Task4.V8.Lib", "Tyuiu.SavtsovNE.Sprint6.Task4.V8.Lib\Tyuiu.SavtsovNE.Sprint6.Task4.V8.Lib.csproj", "{7A3B2511-FE1A-4C32-BCB3-F4DBA5C881EF}"
EndProject
Project("{9A19103F-16F7-4668-BE54-9A1E7A4F7556}") = "Tyuiu.SavtsovNE.Sprint6.Task4.V8.Test", "Tyuiu.SavtsovNE.Sprint6.Task4.V8.Test\Tyuiu.SavtsovNE.Sprint6.Task4.V8.Test.csproj", "{484DD6C2-74F8-4815-9521-AE8FB0EF3027}"
EndProject
Project("{9A19103F-16F7-4668-BE54-9A1E7A4F7556}") = "Tyuiu.SavtsovNE.Sprint6.Task4.V8", "Tyuiu.SavtsovNE.Sprint6.Task4.V8\Tyuiu.SavtsovNE.Sprint6.Task4.V8.csproj", "{5CAB510A-9046-45A5-88EE-13EEFCBE1D76}"
EndProject
Project("{2150E333-8FDC-42A3-9474-1A3956D46DE8}") = "Task5", "Task5", "{3FE9C0BC-18DE-4F7B-8886-BADE612ADE0B}"
EndProject
Project("{FAE04EC0-301F-11D3-BF4B-00C04F79EFBC}") = "Tyuiu.SavtsovNE.Sprint6.Task5.V9.Test", "Tyuiu.SavtsovNE.Sprint6.Task5.V9.Test\Tyuiu.SavtsovNE.Sprint6.Task5.V9.Test.csproj", "{A4C5ECA9-BAF6-44EA-9F64-037535C9D113}"
EndProject
Project("{FAE04EC0-301F-11D3-BF4B-00C04F79EFBC}") = "Tyuiu.SavtsovNE.Sprint6.Task5.V9.Lib", "Tyuiu.SavtsovNE.Sprint6.Task5.V9.Lib\Tyuiu.SavtsovNE.Sprint6.Task5.V9.Lib.csproj", "{E0DEFE2D-C7B6-47F9-AB34-3E280FF3200F}"
EndProject
Project("{FAE04EC0-301F-11D3-BF4B-00C04F79EFBC}") = "Tyuiu.SavtsovNE.Sprint6.Task5.V9", "Tyuiu.SavtsovNE.Sprint6.Task5.V9\Tyuiu.SavtsovNE.Sprint6.Task5.V9.csproj", "{47EE04EA-F131-4C55-A250-9F1721BA671E}"
EndProject
Project("{2150E333-8FDC-42A3-9474-1A3956D46DE8}") = "Task6", "Task6", "{2FE7F708-990F-4D9C-9646-4C287A652222}"
EndProject
Project("{FAE04EC0-301F-11D3-BF4B-00C04F79EFBC}") = "Tyuiu.SavtsovNE.Sprint6.Task6.V11.Lib", "Tyuiu.SavtsovNE.Sprint6.Task6.V11.Lib\Tyuiu.SavtsovNE.Sprint6.Task6.V11.Lib.csproj", "{F65F0297-8CA1-4516-97CD-FD6CDCDC4140}"
EndProject
Project("{FAE04EC0-301F-11D3-BF4B-00C04F79EFBC}") = "Tyuiu.SavtsovNE.Sprint6.Task6.V11.Test", "Tyuiu.SavtsovNE.Sprint6.Task6.V11.Test\Tyuiu.SavtsovNE.Sprint6.Task6.V11.Test.csproj", "{6505BF1F-3218-46C9-95E8-EC100F55B944}"
EndProject
Project("{FAE04EC0-301F-11D3-BF4B-00C04F79EFBC}") = "Tyuiu.SavtsovNE.Sprint6.Task6.V11", "Tyuiu.SavtsovNE.Sprint6.Task6.V11\Tyuiu.SavtsovNE.Sprint6.Task6.V11.csproj", "{75505A1F-A0A1-4643-BF13-89DB789F6654}"
EndProject
Project("{2150E333-8FDC-42A3-9474-1A3956D46DE8}") = "Task7", "Task7", "{B958C63C-38B0-4466-B341-3D667842B23E}"
EndProject
Project("{FAE04EC0-301F-11D3-BF4B-00C04F79EFBC}") = "Tyuiu.SavtsovNE.Sprint6.Task7.V1.Test", "Tyuiu.SavtsovNE.Sprint6.Task7.V1.Test\Tyuiu.SavtsovNE.Sprint6.Task7.V1.Test.csproj", "{D1615AB9-915B-4247-9637-E59F5ED7DC6E}"
EndProject
Project("{FAE04EC0-301F-11D3-BF4B-00C04F79EFBC}") = "Tyuiu.SavtsovNE.Sprint6.Task7.V1.Lib", "Tyuiu.SavtsovNE.Sprint6.Task7.V1.Lib\Tyuiu.SavtsovNE.Sprint6.Task7.V1.Lib.csproj", "{8C5E7E23-59C8-447A-B392-6996E84FD4AF}"
EndProject
Project("{FAE04EC0-301F-11D3-BF4B-00C04F79EFBC}") = "Tyuiu.SavtsovNE.Sprint6.Task7.V1", "Tyuiu.SavtsovNE.Sprint6.Task7.V1\Tyuiu.SavtsovNE.Sprint6.Task7.V1.csproj", "{E8C4AD7A-BDA6-4C98-8796-956EB683C043}"
EndProject
Global
	GlobalSection(SolutionConfigurationPlatforms) = preSolution
		Debug|Any CPU = Debug|Any CPU
		Release|Any CPU = Release|Any CPU
	EndGlobalSection
	GlobalSection(ProjectConfigurationPlatforms) = postSolution
		{ED339A9C-D527-4093-946A-2C4A7EF48693}.Debug|Any CPU.ActiveCfg = Debug|Any CPU
		{ED339A9C-D527-4093-946A-2C4A7EF48693}.Debug|Any CPU.Build.0 = Debug|Any CPU
		{ED339A9C-D527-4093-946A-2C4A7EF48693}.Release|Any CPU.ActiveCfg = Release|Any CPU
		{ED339A9C-D527-4093-946A-2C4A7EF48693}.Release|Any CPU.Build.0 = Release|Any CPU
		{162E0E41-8085-4280-9C39-21F11E2DD55D}.Debug|Any CPU.ActiveCfg = Debug|Any CPU
		{162E0E41-8085-4280-9C39-21F11E2DD55D}.Debug|Any CPU.Build.0 = Debug|Any CPU
		{162E0E41-8085-4280-9C39-21F11E2DD55D}.Release|Any CPU.ActiveCfg = Release|Any CPU
		{162E0E41-8085-4280-9C39-21F11E2DD55D}.Release|Any CPU.Build.0 = Release|Any CPU
		{88FF020B-65E1-4E1B-9D03-33593FE5A79A}.Debug|Any CPU.ActiveCfg = Debug|Any CPU
		{88FF020B-65E1-4E1B-9D03-33593FE5A79A}.Debug|Any CPU.Build.0 = Debug|Any CPU
		{88FF020B-65E1-4E1B-9D03-33593FE5A79A}.Release|Any CPU.ActiveCfg = Release|Any CPU
		{88FF020B-65E1-4E1B-9D03-33593FE5A79A}.Release|Any CPU.Build.0 = Release|Any CPU
		{92B75836-C3AD-4DB8-92CF-902A41B395D1}.Debug|Any CPU.ActiveCfg = Debug|Any CPU
		{92B75836-C3AD-4DB8-92CF-902A41B395D1}.Debug|Any CPU.Build.0 = Debug|Any CPU
		{92B75836-C3AD-4DB8-92CF-902A41B395D1}.Release|Any CPU.ActiveCfg = Release|Any CPU
		{92B75836-C3AD-4DB8-92CF-902A41B395D1}.Release|Any CPU.Build.0 = Release|Any CPU
		{7F13230D-08B3-4092-A75D-3610D39C325C}.Debug|Any CPU.ActiveCfg = Debug|Any CPU
		{7F13230D-08B3-4092-A75D-3610D39C325C}.Debug|Any CPU.Build.0 = Debug|Any CPU
		{7F13230D-08B3-4092-A75D-3610D39C325C}.Release|Any CPU.ActiveCfg = Release|Any CPU
		{7F13230D-08B3-4092-A75D-3610D39C325C}.Release|Any CPU.Build.0 = Release|Any CPU
		{A4A57296-D1AC-4469-8480-F7BFA0A55624}.Debug|Any CPU.ActiveCfg = Debug|Any CPU
		{A4A57296-D1AC-4469-8480-F7BFA0A55624}.Debug|Any CPU.Build.0 = Debug|Any CPU
		{A4A57296-D1AC-4469-8480-F7BFA0A55624}.Release|Any CPU.ActiveCfg = Release|Any CPU
		{A4A57296-D1AC-4469-8480-F7BFA0A55624}.Release|Any CPU.Build.0 = Release|Any CPU
		{7EEB2B7E-04CB-4700-8422-3F69E026770A}.Debug|Any CPU.ActiveCfg = Debug|Any CPU
		{7EEB2B7E-04CB-4700-8422-3F69E026770A}.Debug|Any CPU.Build.0 = Debug|Any CPU
		{7EEB2B7E-04CB-4700-8422-3F69E026770A}.Release|Any CPU.ActiveCfg = Release|Any CPU
		{7EEB2B7E-04CB-4700-8422-3F69E026770A}.Release|Any CPU.Build.0 = Release|Any CPU
		{40A5625A-7F63-4AD8-8979-9D636E161AEC}.Debug|Any CPU.ActiveCfg = Debug|Any CPU
		{40A5625A-7F63-4AD8-8979-9D636E161AEC}.Debug|Any CPU.Build.0 = Debug|Any CPU
		{40A5625A-7F63-4AD8-8979-9D636E161AEC}.Release|Any CPU.ActiveCfg = Release|Any CPU
		{40A5625A-7F63-4AD8-8979-9D636E161AEC}.Release|Any CPU.Build.0 = Release|Any CPU
		{58CA00A5-2A48-4721-9683-6E3D7AEF1D9A}.Debug|Any CPU.ActiveCfg = Debug|Any CPU
		{58CA00A5-2A48-4721-9683-6E3D7AEF1D9A}.Debug|Any CPU.Build.0 = Debug|Any CPU
		{58CA00A5-2A48-4721-9683-6E3D7AEF1D9A}.Release|Any CPU.ActiveCfg = Release|Any CPU
		{58CA00A5-2A48-4721-9683-6E3D7AEF1D9A}.Release|Any CPU.Build.0 = Release|Any CPU
		{3BBF31CE-5AFA-4C77-8092-079F15E03AC1}.Debug|Any CPU.ActiveCfg = Debug|Any CPU
		{3BBF31CE-5AFA-4C77-8092-079F15E03AC1}.Debug|Any CPU.Build.0 = Debug|Any CPU
		{3BBF31CE-5AFA-4C77-8092-079F15E03AC1}.Release|Any CPU.ActiveCfg = Release|Any CPU
		{3BBF31CE-5AFA-4C77-8092-079F15E03AC1}.Release|Any CPU.Build.0 = Release|Any CPU
		{2861316E-5156-4E5D-A250-2F686C28FD8E}.Debug|Any CPU.ActiveCfg = Debug|Any CPU
		{2861316E-5156-4E5D-A250-2F686C28FD8E}.Debug|Any CPU.Build.0 = Debug|Any CPU
		{2861316E-5156-4E5D-A250-2F686C28FD8E}.Release|Any CPU.ActiveCfg = Release|Any CPU
		{2861316E-5156-4E5D-A250-2F686C28FD8E}.Release|Any CPU.Build.0 = Release|Any CPU
		{07360338-BF53-4DA2-AF04-5B53F177A636}.Debug|Any CPU.ActiveCfg = Debug|Any CPU
		{07360338-BF53-4DA2-AF04-5B53F177A636}.Debug|Any CPU.Build.0 = Debug|Any CPU
		{07360338-BF53-4DA2-AF04-5B53F177A636}.Release|Any CPU.ActiveCfg = Release|Any CPU
		{07360338-BF53-4DA2-AF04-5B53F177A636}.Release|Any CPU.Build.0 = Release|Any CPU
		{7A3B2511-FE1A-4C32-BCB3-F4DBA5C881EF}.Debug|Any CPU.ActiveCfg = Debug|Any CPU
		{7A3B2511-FE1A-4C32-BCB3-F4DBA5C881EF}.Debug|Any CPU.Build.0 = Debug|Any CPU
		{7A3B2511-FE1A-4C32-BCB3-F4DBA5C881EF}.Release|Any CPU.ActiveCfg = Release|Any CPU
		{7A3B2511-FE1A-4C32-BCB3-F4DBA5C881EF}.Release|Any CPU.Build.0 = Release|Any CPU
		{484DD6C2-74F8-4815-9521-AE8FB0EF3027}.Debug|Any CPU.ActiveCfg = Debug|Any CPU
		{484DD6C2-74F8-4815-9521-AE8FB0EF3027}.Debug|Any CPU.Build.0 = Debug|Any CPU
		{484DD6C2-74F8-4815-9521-AE8FB0EF3027}.Release|Any CPU.ActiveCfg = Release|Any CPU
		{484DD6C2-74F8-4815-9521-AE8FB0EF3027}.Release|Any CPU.Build.0 = Release|Any CPU
		{5CAB510A-9046-45A5-88EE-13EEFCBE1D76}.Debug|Any CPU.ActiveCfg = Debug|Any CPU
		{5CAB510A-9046-45A5-88EE-13EEFCBE1D76}.Debug|Any CPU.Build.0 = Debug|Any CPU
		{5CAB510A-9046-45A5-88EE-13EEFCBE1D76}.Release|Any CPU.ActiveCfg = Release|Any CPU
		{5CAB510A-9046-45A5-88EE-13EEFCBE1D76}.Release|Any CPU.Build.0 = Release|Any CPU
		{A4C5ECA9-BAF6-44EA-9F64-037535C9D113}.Debug|Any CPU.ActiveCfg = Debug|Any CPU
		{A4C5ECA9-BAF6-44EA-9F64-037535C9D113}.Debug|Any CPU.Build.0 = Debug|Any CPU
		{A4C5ECA9-BAF6-44EA-9F64-037535C9D113}.Release|Any CPU.ActiveCfg = Release|Any CPU
		{A4C5ECA9-BAF6-44EA-9F64-037535C9D113}.Release|Any CPU.Build.0 = Release|Any CPU
		{E0DEFE2D-C7B6-47F9-AB34-3E280FF3200F}.Debug|Any CPU.ActiveCfg = Debug|Any CPU
		{E0DEFE2D-C7B6-47F9-AB34-3E280FF3200F}.Debug|Any CPU.Build.0 = Debug|Any CPU
		{E0DEFE2D-C7B6-47F9-AB34-3E280FF3200F}.Release|Any CPU.ActiveCfg = Release|Any CPU
		{E0DEFE2D-C7B6-47F9-AB34-3E280FF3200F}.Release|Any CPU.Build.0 = Release|Any CPU
		{47EE04EA-F131-4C55-A250-9F1721BA671E}.Debug|Any CPU.ActiveCfg = Debug|Any CPU
		{47EE04EA-F131-4C55-A250-9F1721BA671E}.Debug|Any CPU.Build.0 = Debug|Any CPU
		{47EE04EA-F131-4C55-A250-9F1721BA671E}.Release|Any CPU.ActiveCfg = Release|Any CPU
		{47EE04EA-F131-4C55-A250-9F1721BA671E}.Release|Any CPU.Build.0 = Release|Any CPU
		{F65F0297-8CA1-4516-97CD-FD6CDCDC4140}.Debug|Any CPU.ActiveCfg = Debug|Any CPU
		{F65F0297-8CA1-4516-97CD-FD6CDCDC4140}.Debug|Any CPU.Build.0 = Debug|Any CPU
		{F65F0297-8CA1-4516-97CD-FD6CDCDC4140}.Release|Any CPU.ActiveCfg = Release|Any CPU
		{F65F0297-8CA1-4516-97CD-FD6CDCDC4140}.Release|Any CPU.Build.0 = Release|Any CPU
		{6505BF1F-3218-46C9-95E8-EC100F55B944}.Debug|Any CPU.ActiveCfg = Debug|Any CPU
		{6505BF1F-3218-46C9-95E8-EC100F55B944}.Debug|Any CPU.Build.0 = Debug|Any CPU
		{6505BF1F-3218-46C9-95E8-EC100F55B944}.Release|Any CPU.ActiveCfg = Release|Any CPU
		{6505BF1F-3218-46C9-95E8-EC100F55B944}.Release|Any CPU.Build.0 = Release|Any CPU
		{75505A1F-A0A1-4643-BF13-89DB789F6654}.Debug|Any CPU.ActiveCfg = Debug|Any CPU
		{75505A1F-A0A1-4643-BF13-89DB789F6654}.Debug|Any CPU.Build.0 = Debug|Any CPU
		{75505A1F-A0A1-4643-BF13-89DB789F6654}.Release|Any CPU.ActiveCfg = Release|Any CPU
		{75505A1F-A0A1-4643-BF13-89DB789F6654}.Release|Any CPU.Build.0 = Release|Any CPU
		{D1615AB9-915B-4247-9637-E59F5ED7DC6E}.Debug|Any CPU.ActiveCfg = Debug|Any CPU
		{D1615AB9-915B-4247-9637-E59F5ED7DC6E}.Debug|Any CPU.Build.0 = Debug|Any CPU
		{D1615AB9-915B-4247-9637-E59F5ED7DC6E}.Release|Any CPU.ActiveCfg = Release|Any CPU
		{D1615AB9-915B-4247-9637-E59F5ED7DC6E}.Release|Any CPU.Build.0 = Release|Any CPU
		{8C5E7E23-59C8-447A-B392-6996E84FD4AF}.Debug|Any CPU.ActiveCfg = Debug|Any CPU
		{8C5E7E23-59C8-447A-B392-6996E84FD4AF}.Debug|Any CPU.Build.0 = Debug|Any CPU
		{8C5E7E23-59C8-447A-B392-6996E84FD4AF}.Release|Any CPU.ActiveCfg = Release|Any CPU
		{8C5E7E23-59C8-447A-B392-6996E84FD4AF}.Release|Any CPU.Build.0 = Release|Any CPU
		{E8C4AD7A-BDA6-4C98-8796-956EB683C043}.Debug|Any CPU.ActiveCfg = Debug|Any CPU
		{E8C4AD7A-BDA6-4C98-8796-956EB683C043}.Debug|Any CPU.Build.0 = Debug|Any CPU
		{E8C4AD7A-BDA6-4C98-8796-956EB683C043}.Release|Any CPU.ActiveCfg = Release|Any CPU
		{E8C4AD7A-BDA6-4C98-8796-956EB683C043}.Release|Any CPU.Build.0 = Release|Any CPU
	EndGlobalSection
	GlobalSection(SolutionProperties) = preSolution
		HideSolutionNode = FALSE
	EndGlobalSection
	GlobalSection(NestedProjects) = preSolution
		{ED339A9C-D527-4093-946A-2C4A7EF48693} = {CAFBB549-3CE9-40A4-8EF3-3071E6804738}
		{162E0E41-8085-4280-9C39-21F11E2DD55D} = {CAFBB549-3CE9-40A4-8EF3-3071E6804738}
		{88FF020B-65E1-4E1B-9D03-33593FE5A79A} = {CAFBB549-3CE9-40A4-8EF3-3071E6804738}
		{92B75836-C3AD-4DB8-92CF-902A41B395D1} = {835BAF8A-8FFE-4DAD-8A9F-01AE7AAEC06B}
		{7F13230D-08B3-4092-A75D-3610D39C325C} = {835BAF8A-8FFE-4DAD-8A9F-01AE7AAEC06B}
		{A4A57296-D1AC-4469-8480-F7BFA0A55624} = {835BAF8A-8FFE-4DAD-8A9F-01AE7AAEC06B}
		{7EEB2B7E-04CB-4700-8422-3F69E026770A} = {B7AE1DF3-C993-4CC6-8933-878936ABD8B3}
		{40A5625A-7F63-4AD8-8979-9D636E161AEC} = {B7AE1DF3-C993-4CC6-8933-878936ABD8B3}
		{58CA00A5-2A48-4721-9683-6E3D7AEF1D9A} = {B7AE1DF3-C993-4CC6-8933-878936ABD8B3}
		{3BBF31CE-5AFA-4C77-8092-079F15E03AC1} = {3E6D2FD4-0AEA-4522-BDA1-D4801EBA551C}
		{2861316E-5156-4E5D-A250-2F686C28FD8E} = {3E6D2FD4-0AEA-4522-BDA1-D4801EBA551C}
		{07360338-BF53-4DA2-AF04-5B53F177A636} = {3E6D2FD4-0AEA-4522-BDA1-D4801EBA551C}
		{7A3B2511-FE1A-4C32-BCB3-F4DBA5C881EF} = {0D1D6703-A4E5-4C5A-82A8-0B2403118946}
		{484DD6C2-74F8-4815-9521-AE8FB0EF3027} = {0D1D6703-A4E5-4C5A-82A8-0B2403118946}
		{5CAB510A-9046-45A5-88EE-13EEFCBE1D76} = {0D1D6703-A4E5-4C5A-82A8-0B2403118946}
		{A4C5ECA9-BAF6-44EA-9F64-037535C9D113} = {3FE9C0BC-18DE-4F7B-8886-BADE612ADE0B}
		{E0DEFE2D-C7B6-47F9-AB34-3E280FF3200F} = {3FE9C0BC-18DE-4F7B-8886-BADE612ADE0B}
		{47EE04EA-F131-4C55-A250-9F1721BA671E} = {3FE9C0BC-18DE-4F7B-8886-BADE612ADE0B}
		{F65F0297-8CA1-4516-97CD-FD6CDCDC4140} = {2FE7F708-990F-4D9C-9646-4C287A652222}
		{6505BF1F-3218-46C9-95E8-EC100F55B944} = {2FE7F708-990F-4D9C-9646-4C287A652222}
		{75505A1F-A0A1-4643-BF13-89DB789F6654} = {2FE7F708-990F-4D9C-9646-4C287A652222}
		{D1615AB9-915B-4247-9637-E59F5ED7DC6E} = {B958C63C-38B0-4466-B341-3D667842B23E}
		{8C5E7E23-59C8-447A-B392-6996E84FD4AF} = {B958C63C-38B0-4466-B341-3D667842B23E}
		{E8C4AD7A-BDA6-4C98-8796-956EB683C043} = {B958C63C-38B0-4466-B341-3D667842B23E}
	EndGlobalSection
	GlobalSection(ExtensibilityGlobals) = postSolution
		SolutionGuid = {A27B232D-2598-4C13-AC02-A2233AC3E9F7}
	EndGlobalSection
EndGlobal
